
Microsoft Visual Studio Solution File, Format Version 12.00
# Visual Studio 15
VisualStudioVersion = 15.0.26730.8
MinimumVisualStudioVersion = 10.0.40219.1
Project("{FAE04EC0-301F-11D3-BF4B-00C04F79EFBC}") = "LZW", "LZW\LZW.csproj", "{A31C21F0-B707-4304-85F5-FC2406D77397}"
EndProject
Global
	GlobalSection(SolutionConfigurationPlatforms) = preSolution
		Debug|Any CPU = Debug|Any CPU
		Release|Any CPU = Release|Any CPU
	EndGlobalSection
	GlobalSection(ProjectConfigurationPlatforms) = postSolution
		{A31C21F0-B707-4304-85F5-FC2406D77397}.Debug|Any CPU.ActiveCfg = Debug|Any CPU
		{A31C21F0-B707-4304-85F5-FC2406D77397}.Debug|Any CPU.Build.0 = Debug|Any CPU
		{A31C21F0-B707-4304-85F5-FC2406D77397}.Release|Any CPU.ActiveCfg = Release|Any CPU
		{A31C21F0-B707-4304-85F5-FC2406D77397}.Release|Any CPU.Build.0 = Release|Any CPU
	EndGlobalSection
	GlobalSection(SolutionProperties) = preSolution
		HideSolutionNode = FALSE
	EndGlobalSection
	GlobalSection(ExtensibilityGlobals) = postSolution
		SolutionGuid = {C7724B5A-92D3-4C96-B6F1-D9D0041C8142}
	EndGlobalSection
EndGlobal
